// !$*UTF8*$!
{
	archiveVersion = 1;
	classes = {
	};
	objectVersion = 56;
	objects = {

/* Begin PBXBuildFile section */
		9830D6452B10B75A002EC33A /* Supporting_Airplay.md in Resources */ = {isa = PBXBuildFile; fileRef = 9830D6442B10B75A002EC33A /* Supporting_Airplay.md */; };
		9830D6482B10C0DF002EC33A /* AddAirplayPolicyToInfoPList540px.gif in Resources */ = {isa = PBXBuildFile; fileRef = 9830D6472B10C0DF002EC33A /* AddAirplayPolicyToInfoPList540px.gif */; };
		9874F0722AFEEE5800942D78 /* JebbersPortrait.mp4 in Resources */ = {isa = PBXBuildFile; fileRef = 9874F0712AFEEE1600942D78 /* JebbersPortrait.mp4 */; };
		988FAF3F2AFE33B7007EEDA8 /* PlaybackInSwiftUIApp.swift in Sources */ = {isa = PBXBuildFile; fileRef = 988FAF3E2AFE33B7007EEDA8 /* PlaybackInSwiftUIApp.swift */; };
		988FAF412AFE33B7007EEDA8 /* ContentView.swift in Sources */ = {isa = PBXBuildFile; fileRef = 988FAF402AFE33B7007EEDA8 /* ContentView.swift */; };
		988FAF432AFE33B9007EEDA8 /* Assets.xcassets in Resources */ = {isa = PBXBuildFile; fileRef = 988FAF422AFE33B9007EEDA8 /* Assets.xcassets */; };
		988FAF462AFE33B9007EEDA8 /* Preview Assets.xcassets in Resources */ = {isa = PBXBuildFile; fileRef = 988FAF452AFE33B9007EEDA8 /* Preview Assets.xcassets */; };
		988FAF502AFE33B9007EEDA8 /* PlaybackInSwiftUITests.swift in Sources */ = {isa = PBXBuildFile; fileRef = 988FAF4F2AFE33B9007EEDA8 /* PlaybackInSwiftUITests.swift */; };
		988FAF5A2AFE33B9007EEDA8 /* PlaybackInSwiftUIUITests.swift in Sources */ = {isa = PBXBuildFile; fileRef = 988FAF592AFE33B9007EEDA8 /* PlaybackInSwiftUIUITests.swift */; };
		988FAF5C2AFE33B9007EEDA8 /* PlaybackInSwiftUIUITestsLaunchTests.swift in Sources */ = {isa = PBXBuildFile; fileRef = 988FAF5B2AFE33B9007EEDA8 /* PlaybackInSwiftUIUITestsLaunchTests.swift */; };
		988FAFA42AFE3858007EEDA8 /* Launch Screen.storyboard in Resources */ = {isa = PBXBuildFile; fileRef = 988FAFA32AFE3858007EEDA8 /* Launch Screen.storyboard */; };
		988FAFA72AFE5491007EEDA8 /* VideoPlayerFullscreenView.swift in Sources */ = {isa = PBXBuildFile; fileRef = 988FAFA62AFE5491007EEDA8 /* VideoPlayerFullscreenView.swift */; };
		988FAFAA2AFE5CAD007EEDA8 /* VideoPlayerEmbeddedView.swift in Sources */ = {isa = PBXBuildFile; fileRef = 988FAFA92AFE5CAD007EEDA8 /* VideoPlayerEmbeddedView.swift */; };
		988FAFAE2AFE8044007EEDA8 /* VideoPlayerFSLandscapeView.swift in Sources */ = {isa = PBXBuildFile; fileRef = 988FAFAD2AFE8044007EEDA8 /* VideoPlayerFSLandscapeView.swift */; };
		988FAFB02AFE85F3007EEDA8 /* AppDelegate.swift in Sources */ = {isa = PBXBuildFile; fileRef = 988FAFAF2AFE85F3007EEDA8 /* AppDelegate.swift */; };
		988FAFB52AFEB39F007EEDA8 /* AVPlayerView.swift in Sources */ = {isa = PBXBuildFile; fileRef = 988FAFB42AFEB39F007EEDA8 /* AVPlayerView.swift */; };
		988FAFB72AFEB4B7007EEDA8 /* AVPlayerVCFullscreen.swift in Sources */ = {isa = PBXBuildFile; fileRef = 988FAFB62AFEB4B7007EEDA8 /* AVPlayerVCFullscreen.swift */; };
		988FAFBA2AFEB901007EEDA8 /* FrontFlip.mp4 in Resources */ = {isa = PBXBuildFile; fileRef = 988FAFB92AFEB5FA007EEDA8 /* FrontFlip.mp4 */; };
		988FAFBD2AFEBD6D007EEDA8 /* VideoPlayerPortraitView.swift in Sources */ = {isa = PBXBuildFile; fileRef = 988FAFBC2AFEBD6D007EEDA8 /* VideoPlayerPortraitView.swift */; };
		98C6E80B2AFEEB800053DB96 /* AVPlayerFSPortrait.swift in Sources */ = {isa = PBXBuildFile; fileRef = 98C6E80A2AFEEB800053DB96 /* AVPlayerFSPortrait.swift */; };
/* End PBXBuildFile section */

/* Begin PBXContainerItemProxy section */
		988FAF4C2AFE33B9007EEDA8 /* PBXContainerItemProxy */ = {
			isa = PBXContainerItemProxy;
			containerPortal = 988FAF332AFE33B7007EEDA8 /* Project object */;
			proxyType = 1;
			remoteGlobalIDString = 988FAF3A2AFE33B7007EEDA8;
			remoteInfo = PlaybackInSwiftUI;
		};
		988FAF562AFE33B9007EEDA8 /* PBXContainerItemProxy */ = {
			isa = PBXContainerItemProxy;
			containerPortal = 988FAF332AFE33B7007EEDA8 /* Project object */;
			proxyType = 1;
			remoteGlobalIDString = 988FAF3A2AFE33B7007EEDA8;
			remoteInfo = PlaybackInSwiftUI;
		};
/* End PBXContainerItemProxy section */

/* Begin PBXFileReference section */
		9830D6432B10989F002EC33A /* Supporting_Picture_In_Picture.md */ = {isa = PBXFileReference; lastKnownFileType = net.daringfireball.markdown; path = Supporting_Picture_In_Picture.md; sourceTree = "<group>"; };
		9830D6442B10B75A002EC33A /* Supporting_Airplay.md */ = {isa = PBXFileReference; fileEncoding = 4; lastKnownFileType = net.daringfireball.markdown; path = Supporting_Airplay.md; sourceTree = "<group>"; };
		9830D6472B10C0DF002EC33A /* AddAirplayPolicyToInfoPList540px.gif */ = {isa = PBXFileReference; lastKnownFileType = image.gif; path = AddAirplayPolicyToInfoPList540px.gif; sourceTree = "<group>"; };
		9874F0712AFEEE1600942D78 /* JebbersPortrait.mp4 */ = {isa = PBXFileReference; lastKnownFileType = file; path = JebbersPortrait.mp4; sourceTree = "<group>"; };
		988FAF3B2AFE33B7007EEDA8 /* PlaybackInSwiftUI.app */ = {isa = PBXFileReference; explicitFileType = wrapper.application; includeInIndex = 0; path = PlaybackInSwiftUI.app; sourceTree = BUILT_PRODUCTS_DIR; };
		988FAF3E2AFE33B7007EEDA8 /* PlaybackInSwiftUIApp.swift */ = {isa = PBXFileReference; lastKnownFileType = sourcecode.swift; path = PlaybackInSwiftUIApp.swift; sourceTree = "<group>"; };
		988FAF402AFE33B7007EEDA8 /* ContentView.swift */ = {isa = PBXFileReference; lastKnownFileType = sourcecode.swift; path = ContentView.swift; sourceTree = "<group>"; };
		988FAF422AFE33B9007EEDA8 /* Assets.xcassets */ = {isa = PBXFileReference; lastKnownFileType = folder.assetcatalog; path = Assets.xcassets; sourceTree = "<group>"; };
		988FAF452AFE33B9007EEDA8 /* Preview Assets.xcassets */ = {isa = PBXFileReference; lastKnownFileType = folder.assetcatalog; path = "Preview Assets.xcassets"; sourceTree = "<group>"; };
		988FAF4B2AFE33B9007EEDA8 /* PlaybackInSwiftUITests.xctest */ = {isa = PBXFileReference; explicitFileType = wrapper.cfbundle; includeInIndex = 0; path = PlaybackInSwiftUITests.xctest; sourceTree = BUILT_PRODUCTS_DIR; };
		988FAF4F2AFE33B9007EEDA8 /* PlaybackInSwiftUITests.swift */ = {isa = PBXFileReference; lastKnownFileType = sourcecode.swift; path = PlaybackInSwiftUITests.swift; sourceTree = "<group>"; };
		988FAF552AFE33B9007EEDA8 /* PlaybackInSwiftUIUITests.xctest */ = {isa = PBXFileReference; explicitFileType = wrapper.cfbundle; includeInIndex = 0; path = PlaybackInSwiftUIUITests.xctest; sourceTree = BUILT_PRODUCTS_DIR; };
		988FAF592AFE33B9007EEDA8 /* PlaybackInSwiftUIUITests.swift */ = {isa = PBXFileReference; lastKnownFileType = sourcecode.swift; path = PlaybackInSwiftUIUITests.swift; sourceTree = "<group>"; };
		988FAF5B2AFE33B9007EEDA8 /* PlaybackInSwiftUIUITestsLaunchTests.swift */ = {isa = PBXFileReference; lastKnownFileType = sourcecode.swift; path = PlaybackInSwiftUIUITestsLaunchTests.swift; sourceTree = "<group>"; };
		988FAFA32AFE3858007EEDA8 /* Launch Screen.storyboard */ = {isa = PBXFileReference; fileEncoding = 4; lastKnownFileType = file.storyboard; path = "Launch Screen.storyboard"; sourceTree = "<group>"; };
		988FAFA62AFE5491007EEDA8 /* VideoPlayerFullscreenView.swift */ = {isa = PBXFileReference; lastKnownFileType = sourcecode.swift; path = VideoPlayerFullscreenView.swift; sourceTree = "<group>"; };
		988FAFA92AFE5CAD007EEDA8 /* VideoPlayerEmbeddedView.swift */ = {isa = PBXFileReference; lastKnownFileType = sourcecode.swift; path = VideoPlayerEmbeddedView.swift; sourceTree = "<group>"; };
		988FAFAC2AFE7F13007EEDA8 /* DevNotes.md */ = {isa = PBXFileReference; lastKnownFileType = net.daringfireball.markdown; path = DevNotes.md; sourceTree = "<group>"; };
		988FAFAD2AFE8044007EEDA8 /* VideoPlayerFSLandscapeView.swift */ = {isa = PBXFileReference; lastKnownFileType = sourcecode.swift; path = VideoPlayerFSLandscapeView.swift; sourceTree = "<group>"; };
		988FAFAF2AFE85F3007EEDA8 /* AppDelegate.swift */ = {isa = PBXFileReference; lastKnownFileType = sourcecode.swift; path = AppDelegate.swift; sourceTree = "<group>"; };
		988FAFB42AFEB39F007EEDA8 /* AVPlayerView.swift */ = {isa = PBXFileReference; lastKnownFileType = sourcecode.swift; path = AVPlayerView.swift; sourceTree = "<group>"; };
		988FAFB62AFEB4B7007EEDA8 /* AVPlayerVCFullscreen.swift */ = {isa = PBXFileReference; lastKnownFileType = sourcecode.swift; path = AVPlayerVCFullscreen.swift; sourceTree = "<group>"; };
		988FAFB92AFEB5FA007EEDA8 /* FrontFlip.mp4 */ = {isa = PBXFileReference; lastKnownFileType = file; path = FrontFlip.mp4; sourceTree = "<group>"; };
		988FAFBC2AFEBD6D007EEDA8 /* VideoPlayerPortraitView.swift */ = {isa = PBXFileReference; lastKnownFileType = sourcecode.swift; path = VideoPlayerPortraitView.swift; sourceTree = "<group>"; };
		98C6E80A2AFEEB800053DB96 /* AVPlayerFSPortrait.swift */ = {isa = PBXFileReference; lastKnownFileType = sourcecode.swift; path = AVPlayerFSPortrait.swift; sourceTree = "<group>"; };
		98E710512AFEC515007179BF /* Info.plist */ = {isa = PBXFileReference; lastKnownFileType = text.plist; path = Info.plist; sourceTree = "<group>"; };
/* End PBXFileReference section */

/* Begin PBXFrameworksBuildPhase section */
		988FAF382AFE33B7007EEDA8 /* Frameworks */ = {
			isa = PBXFrameworksBuildPhase;
			buildActionMask = 2147483647;
			files = (
			);
			runOnlyForDeploymentPostprocessing = 0;
		};
		988FAF482AFE33B9007EEDA8 /* Frameworks */ = {
			isa = PBXFrameworksBuildPhase;
			buildActionMask = 2147483647;
			files = (
			);
			runOnlyForDeploymentPostprocessing = 0;
		};
		988FAF522AFE33B9007EEDA8 /* Frameworks */ = {
			isa = PBXFrameworksBuildPhase;
			buildActionMask = 2147483647;
			files = (
			);
			runOnlyForDeploymentPostprocessing = 0;
		};
/* End PBXFrameworksBuildPhase section */

/* Begin PBXGroup section */
		9830D6462B10C0D0002EC33A /* DocumentationMedia */ = {
			isa = PBXGroup;
			children = (
				9830D6472B10C0DF002EC33A /* AddAirplayPolicyToInfoPList540px.gif */,
			);
			path = DocumentationMedia;
			sourceTree = "<group>";
		};
		988FAF322AFE33B7007EEDA8 = {
			isa = PBXGroup;
			children = (
				988FAF3D2AFE33B7007EEDA8 /* PlaybackInSwiftUI */,
				988FAF4E2AFE33B9007EEDA8 /* PlaybackInSwiftUITests */,
				988FAF582AFE33B9007EEDA8 /* PlaybackInSwiftUIUITests */,
				988FAF3C2AFE33B7007EEDA8 /* Products */,
			);
			sourceTree = "<group>";
		};
		988FAF3C2AFE33B7007EEDA8 /* Products */ = {
			isa = PBXGroup;
			children = (
				988FAF3B2AFE33B7007EEDA8 /* PlaybackInSwiftUI.app */,
				988FAF4B2AFE33B9007EEDA8 /* PlaybackInSwiftUITests.xctest */,
				988FAF552AFE33B9007EEDA8 /* PlaybackInSwiftUIUITests.xctest */,
			);
			name = Products;
			sourceTree = "<group>";
		};
		988FAF3D2AFE33B7007EEDA8 /* PlaybackInSwiftUI */ = {
			isa = PBXGroup;
			children = (
				98E710512AFEC515007179BF /* Info.plist */,
				988FAFAF2AFE85F3007EEDA8 /* AppDelegate.swift */,
				988FAF3E2AFE33B7007EEDA8 /* PlaybackInSwiftUIApp.swift */,
				988FAF402AFE33B7007EEDA8 /* ContentView.swift */,
				988FAFA52AFE5472007EEDA8 /* VideoPlayer */,
				988FAFB12AFEAC10007EEDA8 /* AVPlayerBridgedViewController */,
				988FAFAB2AFE7ED4007EEDA8 /* Doc */,
				988FAFB82AFEB5E5007EEDA8 /* Local Media */,
				988FAFA22AFE3838007EEDA8 /* Utils */,
			);
			path = PlaybackInSwiftUI;
			sourceTree = "<group>";
		};
		988FAF442AFE33B9007EEDA8 /* Preview Content */ = {
			isa = PBXGroup;
			children = (
				988FAF452AFE33B9007EEDA8 /* Preview Assets.xcassets */,
			);
			path = "Preview Content";
			sourceTree = "<group>";
		};
		988FAF4E2AFE33B9007EEDA8 /* PlaybackInSwiftUITests */ = {
			isa = PBXGroup;
			children = (
				988FAF4F2AFE33B9007EEDA8 /* PlaybackInSwiftUITests.swift */,
			);
			path = PlaybackInSwiftUITests;
			sourceTree = "<group>";
		};
		988FAF582AFE33B9007EEDA8 /* PlaybackInSwiftUIUITests */ = {
			isa = PBXGroup;
			children = (
				988FAF592AFE33B9007EEDA8 /* PlaybackInSwiftUIUITests.swift */,
				988FAF5B2AFE33B9007EEDA8 /* PlaybackInSwiftUIUITestsLaunchTests.swift */,
			);
			path = PlaybackInSwiftUIUITests;
			sourceTree = "<group>";
		};
		988FAFA22AFE3838007EEDA8 /* Utils */ = {
			isa = PBXGroup;
			children = (
				988FAF422AFE33B9007EEDA8 /* Assets.xcassets */,
				988FAFA32AFE3858007EEDA8 /* Launch Screen.storyboard */,
				988FAF442AFE33B9007EEDA8 /* Preview Content */,
			);
			path = Utils;
			sourceTree = "<group>";
		};
		988FAFA52AFE5472007EEDA8 /* VideoPlayer */ = {
			isa = PBXGroup;
			children = (
				988FAFA62AFE5491007EEDA8 /* VideoPlayerFullscreenView.swift */,
				988FAFAD2AFE8044007EEDA8 /* VideoPlayerFSLandscapeView.swift */,
				988FAFA92AFE5CAD007EEDA8 /* VideoPlayerEmbeddedView.swift */,
				988FAFBC2AFEBD6D007EEDA8 /* VideoPlayerPortraitView.swift */,
			);
			path = VideoPlayer;
			sourceTree = "<group>";
		};
		988FAFAB2AFE7ED4007EEDA8 /* Doc */ = {
			isa = PBXGroup;
			children = (
				988FAFAC2AFE7F13007EEDA8 /* DevNotes.md */,
				9830D6432B10989F002EC33A /* Supporting_Picture_In_Picture.md */,
				9830D6442B10B75A002EC33A /* Supporting_Airplay.md */,
			);
			path = Doc;
			sourceTree = "<group>";
		};
		988FAFB12AFEAC10007EEDA8 /* AVPlayerBridgedViewController */ = {
			isa = PBXGroup;
			children = (
				988FAFB42AFEB39F007EEDA8 /* AVPlayerView.swift */,
				988FAFB62AFEB4B7007EEDA8 /* AVPlayerVCFullscreen.swift */,
				98C6E80A2AFEEB800053DB96 /* AVPlayerFSPortrait.swift */,
			);
			path = AVPlayerBridgedViewController;
			sourceTree = "<group>";
		};
		988FAFB82AFEB5E5007EEDA8 /* Local Media */ = {
			isa = PBXGroup;
			children = (
				9830D6462B10C0D0002EC33A /* DocumentationMedia */,
				9874F0712AFEEE1600942D78 /* JebbersPortrait.mp4 */,
				988FAFB92AFEB5FA007EEDA8 /* FrontFlip.mp4 */,
			);
			path = "Local Media";
			sourceTree = "<group>";
		};
/* End PBXGroup section */

/* Begin PBXNativeTarget section */
		988FAF3A2AFE33B7007EEDA8 /* PlaybackInSwiftUI */ = {
			isa = PBXNativeTarget;
			buildConfigurationList = 988FAF5F2AFE33B9007EEDA8 /* Build configuration list for PBXNativeTarget "PlaybackInSwiftUI" */;
			buildPhases = (
				988FAF372AFE33B7007EEDA8 /* Sources */,
				988FAF382AFE33B7007EEDA8 /* Frameworks */,
				988FAF392AFE33B7007EEDA8 /* Resources */,
			);
			buildRules = (
			);
			dependencies = (
			);
			name = PlaybackInSwiftUI;
			productName = PlaybackInSwiftUI;
			productReference = 988FAF3B2AFE33B7007EEDA8 /* PlaybackInSwiftUI.app */;
			productType = "com.apple.product-type.application";
		};
		988FAF4A2AFE33B9007EEDA8 /* PlaybackInSwiftUITests */ = {
			isa = PBXNativeTarget;
			buildConfigurationList = 988FAF622AFE33B9007EEDA8 /* Build configuration list for PBXNativeTarget "PlaybackInSwiftUITests" */;
			buildPhases = (
				988FAF472AFE33B9007EEDA8 /* Sources */,
				988FAF482AFE33B9007EEDA8 /* Frameworks */,
				988FAF492AFE33B9007EEDA8 /* Resources */,
			);
			buildRules = (
			);
			dependencies = (
				988FAF4D2AFE33B9007EEDA8 /* PBXTargetDependency */,
			);
			name = PlaybackInSwiftUITests;
			productName = PlaybackInSwiftUITests;
			productReference = 988FAF4B2AFE33B9007EEDA8 /* PlaybackInSwiftUITests.xctest */;
			productType = "com.apple.product-type.bundle.unit-test";
		};
		988FAF542AFE33B9007EEDA8 /* PlaybackInSwiftUIUITests */ = {
			isa = PBXNativeTarget;
			buildConfigurationList = 988FAF652AFE33B9007EEDA8 /* Build configuration list for PBXNativeTarget "PlaybackInSwiftUIUITests" */;
			buildPhases = (
				988FAF512AFE33B9007EEDA8 /* Sources */,
				988FAF522AFE33B9007EEDA8 /* Frameworks */,
				988FAF532AFE33B9007EEDA8 /* Resources */,
			);
			buildRules = (
			);
			dependencies = (
				988FAF572AFE33B9007EEDA8 /* PBXTargetDependency */,
			);
			name = PlaybackInSwiftUIUITests;
			productName = PlaybackInSwiftUIUITests;
			productReference = 988FAF552AFE33B9007EEDA8 /* PlaybackInSwiftUIUITests.xctest */;
			productType = "com.apple.product-type.bundle.ui-testing";
		};
/* End PBXNativeTarget section */

/* Begin PBXProject section */
		988FAF332AFE33B7007EEDA8 /* Project object */ = {
			isa = PBXProject;
			attributes = {
				BuildIndependentTargetsInParallel = 1;
				LastSwiftUpdateCheck = 1410;
				LastUpgradeCheck = 1410;
				TargetAttributes = {
					988FAF3A2AFE33B7007EEDA8 = {
						CreatedOnToolsVersion = 14.1;
					};
					988FAF4A2AFE33B9007EEDA8 = {
						CreatedOnToolsVersion = 14.1;
						TestTargetID = 988FAF3A2AFE33B7007EEDA8;
					};
					988FAF542AFE33B9007EEDA8 = {
						CreatedOnToolsVersion = 14.1;
						TestTargetID = 988FAF3A2AFE33B7007EEDA8;
					};
				};
			};
			buildConfigurationList = 988FAF362AFE33B7007EEDA8 /* Build configuration list for PBXProject "PlaybackInSwiftUI" */;
			compatibilityVersion = "Xcode 14.0";
			developmentRegion = en;
			hasScannedForEncodings = 0;
			knownRegions = (
				en,
				Base,
			);
			mainGroup = 988FAF322AFE33B7007EEDA8;
			productRefGroup = 988FAF3C2AFE33B7007EEDA8 /* Products */;
			projectDirPath = "";
			projectRoot = "";
			targets = (
				988FAF3A2AFE33B7007EEDA8 /* PlaybackInSwiftUI */,
				988FAF4A2AFE33B9007EEDA8 /* PlaybackInSwiftUITests */,
				988FAF542AFE33B9007EEDA8 /* PlaybackInSwiftUIUITests */,
			);
		};
/* End PBXProject section */

/* Begin PBXResourcesBuildPhase section */
		988FAF392AFE33B7007EEDA8 /* Resources */ = {
			isa = PBXResourcesBuildPhase;
			buildActionMask = 2147483647;
			files = (
				9830D6452B10B75A002EC33A /* Supporting_Airplay.md in Resources */,
				9874F0722AFEEE5800942D78 /* JebbersPortrait.mp4 in Resources */,
				9830D6482B10C0DF002EC33A /* AddAirplayPolicyToInfoPList540px.gif in Resources */,
				988FAFBA2AFEB901007EEDA8 /* FrontFlip.mp4 in Resources */,
				988FAFA42AFE3858007EEDA8 /* Launch Screen.storyboard in Resources */,
				988FAF462AFE33B9007EEDA8 /* Preview Assets.xcassets in Resources */,
				988FAF432AFE33B9007EEDA8 /* Assets.xcassets in Resources */,
			);
			runOnlyForDeploymentPostprocessing = 0;
		};
		988FAF492AFE33B9007EEDA8 /* Resources */ = {
			isa = PBXResourcesBuildPhase;
			buildActionMask = 2147483647;
			files = (
			);
			runOnlyForDeploymentPostprocessing = 0;
		};
		988FAF532AFE33B9007EEDA8 /* Resources */ = {
			isa = PBXResourcesBuildPhase;
			buildActionMask = 2147483647;
			files = (
			);
			runOnlyForDeploymentPostprocessing = 0;
		};
/* End PBXResourcesBuildPhase section */

/* Begin PBXSourcesBuildPhase section */
		988FAF372AFE33B7007EEDA8 /* Sources */ = {
			isa = PBXSourcesBuildPhase;
			buildActionMask = 2147483647;
			files = (
				988FAFB02AFE85F3007EEDA8 /* AppDelegate.swift in Sources */,
				988FAFA72AFE5491007EEDA8 /* VideoPlayerFullscreenView.swift in Sources */,
				988FAFAA2AFE5CAD007EEDA8 /* VideoPlayerEmbeddedView.swift in Sources */,
				988FAF412AFE33B7007EEDA8 /* ContentView.swift in Sources */,
				988FAFBD2AFEBD6D007EEDA8 /* VideoPlayerPortraitView.swift in Sources */,
				988FAFAE2AFE8044007EEDA8 /* VideoPlayerFSLandscapeView.swift in Sources */,
				988FAFB72AFEB4B7007EEDA8 /* AVPlayerVCFullscreen.swift in Sources */,
				98C6E80B2AFEEB800053DB96 /* AVPlayerFSPortrait.swift in Sources */,
				988FAF3F2AFE33B7007EEDA8 /* PlaybackInSwiftUIApp.swift in Sources */,
				988FAFB52AFEB39F007EEDA8 /* AVPlayerView.swift in Sources */,
			);
			runOnlyForDeploymentPostprocessing = 0;
		};
		988FAF472AFE33B9007EEDA8 /* Sources */ = {
			isa = PBXSourcesBuildPhase;
			buildActionMask = 2147483647;
			files = (
				988FAF502AFE33B9007EEDA8 /* PlaybackInSwiftUITests.swift in Sources */,
			);
			runOnlyForDeploymentPostprocessing = 0;
		};
		988FAF512AFE33B9007EEDA8 /* Sources */ = {
			isa = PBXSourcesBuildPhase;
			buildActionMask = 2147483647;
			files = (
				988FAF5C2AFE33B9007EEDA8 /* PlaybackInSwiftUIUITestsLaunchTests.swift in Sources */,
				988FAF5A2AFE33B9007EEDA8 /* PlaybackInSwiftUIUITests.swift in Sources */,
			);
			runOnlyForDeploymentPostprocessing = 0;
		};
/* End PBXSourcesBuildPhase section */

/* Begin PBXTargetDependency section */
		988FAF4D2AFE33B9007EEDA8 /* PBXTargetDependency */ = {
			isa = PBXTargetDependency;
			target = 988FAF3A2AFE33B7007EEDA8 /* PlaybackInSwiftUI */;
			targetProxy = 988FAF4C2AFE33B9007EEDA8 /* PBXContainerItemProxy */;
		};
		988FAF572AFE33B9007EEDA8 /* PBXTargetDependency */ = {
			isa = PBXTargetDependency;
			target = 988FAF3A2AFE33B7007EEDA8 /* PlaybackInSwiftUI */;
			targetProxy = 988FAF562AFE33B9007EEDA8 /* PBXContainerItemProxy */;
		};
/* End PBXTargetDependency section */

/* Begin XCBuildConfiguration section */
		988FAF5D2AFE33B9007EEDA8 /* Debug */ = {
			isa = XCBuildConfiguration;
			buildSettings = {
				ALWAYS_SEARCH_USER_PATHS = NO;
				CLANG_ANALYZER_NONNULL = YES;
				CLANG_ANALYZER_NUMBER_OBJECT_CONVERSION = YES_AGGRESSIVE;
				CLANG_CXX_LANGUAGE_STANDARD = "gnu++20";
				CLANG_ENABLE_MODULES = YES;
				CLANG_ENABLE_OBJC_ARC = YES;
				CLANG_ENABLE_OBJC_WEAK = YES;
				CLANG_WARN_BLOCK_CAPTURE_AUTORELEASING = YES;
				CLANG_WARN_BOOL_CONVERSION = YES;
				CLANG_WARN_COMMA = YES;
				CLANG_WARN_CONSTANT_CONVERSION = YES;
				CLANG_WARN_DEPRECATED_OBJC_IMPLEMENTATIONS = YES;
				CLANG_WARN_DIRECT_OBJC_ISA_USAGE = YES_ERROR;
				CLANG_WARN_DOCUMENTATION_COMMENTS = YES;
				CLANG_WARN_EMPTY_BODY = YES;
				CLANG_WARN_ENUM_CONVERSION = YES;
				CLANG_WARN_INFINITE_RECURSION = YES;
				CLANG_WARN_INT_CONVERSION = YES;
				CLANG_WARN_NON_LITERAL_NULL_CONVERSION = YES;
				CLANG_WARN_OBJC_IMPLICIT_RETAIN_SELF = YES;
				CLANG_WARN_OBJC_LITERAL_CONVERSION = YES;
				CLANG_WARN_OBJC_ROOT_CLASS = YES_ERROR;
				CLANG_WARN_QUOTED_INCLUDE_IN_FRAMEWORK_HEADER = YES;
				CLANG_WARN_RANGE_LOOP_ANALYSIS = YES;
				CLANG_WARN_STRICT_PROTOTYPES = YES;
				CLANG_WARN_SUSPICIOUS_MOVE = YES;
				CLANG_WARN_UNGUARDED_AVAILABILITY = YES_AGGRESSIVE;
				CLANG_WARN_UNREACHABLE_CODE = YES;
				CLANG_WARN__DUPLICATE_METHOD_MATCH = YES;
				COPY_PHASE_STRIP = NO;
				DEBUG_INFORMATION_FORMAT = dwarf;
				ENABLE_STRICT_OBJC_MSGSEND = YES;
				ENABLE_TESTABILITY = YES;
				GCC_C_LANGUAGE_STANDARD = gnu11;
				GCC_DYNAMIC_NO_PIC = NO;
				GCC_NO_COMMON_BLOCKS = YES;
				GCC_OPTIMIZATION_LEVEL = 0;
				GCC_PREPROCESSOR_DEFINITIONS = (
					"DEBUG=1",
					"$(inherited)",
				);
				GCC_WARN_64_TO_32_BIT_CONVERSION = YES;
				GCC_WARN_ABOUT_RETURN_TYPE = YES_ERROR;
				GCC_WARN_UNDECLARED_SELECTOR = YES;
				GCC_WARN_UNINITIALIZED_AUTOS = YES_AGGRESSIVE;
				GCC_WARN_UNUSED_FUNCTION = YES;
				GCC_WARN_UNUSED_VARIABLE = YES;
				IPHONEOS_DEPLOYMENT_TARGET = 16.1;
				MTL_ENABLE_DEBUG_INFO = INCLUDE_SOURCE;
				MTL_FAST_MATH = YES;
				ONLY_ACTIVE_ARCH = YES;
				SDKROOT = iphoneos;
				SWIFT_ACTIVE_COMPILATION_CONDITIONS = DEBUG;
				SWIFT_OPTIMIZATION_LEVEL = "-Onone";
			};
			name = Debug;
		};
		988FAF5E2AFE33B9007EEDA8 /* Release */ = {
			isa = XCBuildConfiguration;
			buildSettings = {
				ALWAYS_SEARCH_USER_PATHS = NO;
				CLANG_ANALYZER_NONNULL = YES;
				CLANG_ANALYZER_NUMBER_OBJECT_CONVERSION = YES_AGGRESSIVE;
				CLANG_CXX_LANGUAGE_STANDARD = "gnu++20";
				CLANG_ENABLE_MODULES = YES;
				CLANG_ENABLE_OBJC_ARC = YES;
				CLANG_ENABLE_OBJC_WEAK = YES;
				CLANG_WARN_BLOCK_CAPTURE_AUTORELEASING = YES;
				CLANG_WARN_BOOL_CONVERSION = YES;
				CLANG_WARN_COMMA = YES;
				CLANG_WARN_CONSTANT_CONVERSION = YES;
				CLANG_WARN_DEPRECATED_OBJC_IMPLEMENTATIONS = YES;
				CLANG_WARN_DIRECT_OBJC_ISA_USAGE = YES_ERROR;
				CLANG_WARN_DOCUMENTATION_COMMENTS = YES;
				CLANG_WARN_EMPTY_BODY = YES;
				CLANG_WARN_ENUM_CONVERSION = YES;
				CLANG_WARN_INFINITE_RECURSION = YES;
				CLANG_WARN_INT_CONVERSION = YES;
				CLANG_WARN_NON_LITERAL_NULL_CONVERSION = YES;
				CLANG_WARN_OBJC_IMPLICIT_RETAIN_SELF = YES;
				CLANG_WARN_OBJC_LITERAL_CONVERSION = YES;
				CLANG_WARN_OBJC_ROOT_CLASS = YES_ERROR;
				CLANG_WARN_QUOTED_INCLUDE_IN_FRAMEWORK_HEADER = YES;
				CLANG_WARN_RANGE_LOOP_ANALYSIS = YES;
				CLANG_WARN_STRICT_PROTOTYPES = YES;
				CLANG_WARN_SUSPICIOUS_MOVE = YES;
				CLANG_WARN_UNGUARDED_AVAILABILITY = YES_AGGRESSIVE;
				CLANG_WARN_UNREACHABLE_CODE = YES;
				CLANG_WARN__DUPLICATE_METHOD_MATCH = YES;
				COPY_PHASE_STRIP = NO;
				DEBUG_INFORMATION_FORMAT = "dwarf-with-dsym";
				ENABLE_NS_ASSERTIONS = NO;
				ENABLE_STRICT_OBJC_MSGSEND = YES;
				GCC_C_LANGUAGE_STANDARD = gnu11;
				GCC_NO_COMMON_BLOCKS = YES;
				GCC_WARN_64_TO_32_BIT_CONVERSION = YES;
				GCC_WARN_ABOUT_RETURN_TYPE = YES_ERROR;
				GCC_WARN_UNDECLARED_SELECTOR = YES;
				GCC_WARN_UNINITIALIZED_AUTOS = YES_AGGRESSIVE;
				GCC_WARN_UNUSED_FUNCTION = YES;
				GCC_WARN_UNUSED_VARIABLE = YES;
				IPHONEOS_DEPLOYMENT_TARGET = 16.1;
				MTL_ENABLE_DEBUG_INFO = NO;
				MTL_FAST_MATH = YES;
				SDKROOT = iphoneos;
				SWIFT_COMPILATION_MODE = wholemodule;
				SWIFT_OPTIMIZATION_LEVEL = "-O";
				VALIDATE_PRODUCT = YES;
			};
			name = Release;
		};
		988FAF602AFE33B9007EEDA8 /* Debug */ = {
			isa = XCBuildConfiguration;
			buildSettings = {
				ASSETCATALOG_COMPILER_APPICON_NAME = AppIcon;
				ASSETCATALOG_COMPILER_GLOBAL_ACCENT_COLOR_NAME = AccentColor;
				CODE_SIGN_STYLE = Automatic;
				CURRENT_PROJECT_VERSION = 1;
				DEVELOPMENT_ASSET_PATHS = "\"PlaybackInSwiftUI/Utils/Preview Content\"";
				DEVELOPMENT_TEAM = Q3USALQAVD;
				ENABLE_PREVIEWS = YES;
				GENERATE_INFOPLIST_FILE = YES;
				INFOPLIST_FILE = PlaybackInSwiftUI/Info.plist;
				INFOPLIST_KEY_UIApplicationSceneManifest_Generation = YES;
				INFOPLIST_KEY_UIApplicationSupportsIndirectInputEvents = YES;
				INFOPLIST_KEY_UILaunchScreen_Generation = YES;
				INFOPLIST_KEY_UILaunchStoryboardName = "Launch Screen.storyboard";
				INFOPLIST_KEY_UISupportedInterfaceOrientations_iPad = "UIInterfaceOrientationPortrait UIInterfaceOrientationPortraitUpsideDown UIInterfaceOrientationLandscapeLeft UIInterfaceOrientationLandscapeRight";
				INFOPLIST_KEY_UISupportedInterfaceOrientations_iPhone = "UIInterfaceOrientationPortrait UIInterfaceOrientationLandscapeLeft UIInterfaceOrientationLandscapeRight";
				IPHONEOS_DEPLOYMENT_TARGET = 15.6;
				LD_RUNPATH_SEARCH_PATHS = (
					"$(inherited)",
					"@executable_path/Frameworks",
				);
				MARKETING_VERSION = 1.0;
				PRODUCT_BUNDLE_IDENTIFIER = com.emwalks.PlaybackInSwiftUI;
				PRODUCT_NAME = "$(TARGET_NAME)";
				SWIFT_EMIT_LOC_STRINGS = YES;
				SWIFT_VERSION = 5.0;
				TARGETED_DEVICE_FAMILY = "1,2";
			};
			name = Debug;
		};
		988FAF612AFE33B9007EEDA8 /* Release */ = {
			isa = XCBuildConfiguration;
			buildSettings = {
				ASSETCATALOG_COMPILER_APPICON_NAME = AppIcon;
				ASSETCATALOG_COMPILER_GLOBAL_ACCENT_COLOR_NAME = AccentColor;
				CODE_SIGN_STYLE = Automatic;
				CURRENT_PROJECT_VERSION = 1;
				DEVELOPMENT_ASSET_PATHS = "\"PlaybackInSwiftUI/Utils/Preview Content\"";
				DEVELOPMENT_TEAM = Q3USALQAVD;
				ENABLE_PREVIEWS = YES;
				GENERATE_INFOPLIST_FILE = YES;
				INFOPLIST_FILE = PlaybackInSwiftUI/Info.plist;
				INFOPLIST_KEY_UIApplicationSceneManifest_Generation = YES;
				INFOPLIST_KEY_UIApplicationSupportsIndirectInputEvents = YES;
				INFOPLIST_KEY_UILaunchScreen_Generation = YES;
				INFOPLIST_KEY_UILaunchStoryboardName = "Launch Screen.storyboard";
				INFOPLIST_KEY_UISupportedInterfaceOrientations_iPad = "UIInterfaceOrientationPortrait UIInterfaceOrientationPortraitUpsideDown UIInterfaceOrientationLandscapeLeft UIInterfaceOrientationLandscapeRight";
				INFOPLIST_KEY_UISupportedInterfaceOrientations_iPhone = "UIInterfaceOrientationPortrait UIInterfaceOrientationLandscapeLeft UIInterfaceOrientationLandscapeRight";
				IPHONEOS_DEPLOYMENT_TARGET = 15.6;
				LD_RUNPATH_SEARCH_PATHS = (
					"$(inherited)",
					"@executable_path/Frameworks",
				);
				MARKETING_VERSION = 1.0;
				PRODUCT_BUNDLE_IDENTIFIER = com.emwalks.PlaybackInSwiftUI;
				PRODUCT_NAME = "$(TARGET_NAME)";
				SWIFT_EMIT_LOC_STRINGS = YES;
				SWIFT_VERSION = 5.0;
				TARGETED_DEVICE_FAMILY = "1,2";
			};
			name = Release;
		};
		988FAF632AFE33B9007EEDA8 /* Debug */ = {
			isa = XCBuildConfiguration;
			buildSettings = {
				ALWAYS_EMBED_SWIFT_STANDARD_LIBRARIES = YES;
				BUNDLE_LOADER = "$(TEST_HOST)";
				CODE_SIGN_STYLE = Automatic;
				CURRENT_PROJECT_VERSION = 1;
				DEVELOPMENT_TEAM = Q3USALQAVD;
				GENERATE_INFOPLIST_FILE = YES;
				IPHONEOS_DEPLOYMENT_TARGET = 16.1;
				MARKETING_VERSION = 1.0;
				PRODUCT_BUNDLE_IDENTIFIER = com.emwalks.PlaybackInSwiftUITests;
				PRODUCT_NAME = "$(TARGET_NAME)";
				SWIFT_EMIT_LOC_STRINGS = NO;
				SWIFT_VERSION = 5.0;
				TARGETED_DEVICE_FAMILY = "1,2";
				TEST_HOST = "$(BUILT_PRODUCTS_DIR)/PlaybackInSwiftUI.app/$(BUNDLE_EXECUTABLE_FOLDER_PATH)/PlaybackInSwiftUI";
			};
			name = Debug;
		};
		988FAF642AFE33B9007EEDA8 /* Release */ = {
			isa = XCBuildConfiguration;
			buildSettings = {
				ALWAYS_EMBED_SWIFT_STANDARD_LIBRARIES = YES;
				BUNDLE_LOADER = "$(TEST_HOST)";
				CODE_SIGN_STYLE = Automatic;
				CURRENT_PROJECT_VERSION = 1;
				DEVELOPMENT_TEAM = Q3USALQAVD;
				GENERATE_INFOPLIST_FILE = YES;
				IPHONEOS_DEPLOYMENT_TARGET = 16.1;
				MARKETING_VERSION = 1.0;
				PRODUCT_BUNDLE_IDENTIFIER = com.emwalks.PlaybackInSwiftUITests;
				PRODUCT_NAME = "$(TARGET_NAME)";
				SWIFT_EMIT_LOC_STRINGS = NO;
				SWIFT_VERSION = 5.0;
				TARGETED_DEVICE_FAMILY = "1,2";
				TEST_HOST = "$(BUILT_PRODUCTS_DIR)/PlaybackInSwiftUI.app/$(BUNDLE_EXECUTABLE_FOLDER_PATH)/PlaybackInSwiftUI";
			};
			name = Release;
		};
		988FAF662AFE33B9007EEDA8 /* Debug */ = {
			isa = XCBuildConfiguration;
			buildSettings = {
				ALWAYS_EMBED_SWIFT_STANDARD_LIBRARIES = YES;
				CODE_SIGN_STYLE = Automatic;
				CURRENT_PROJECT_VERSION = 1;
				DEVELOPMENT_TEAM = Q3USALQAVD;
				GENERATE_INFOPLIST_FILE = YES;
				MARKETING_VERSION = 1.0;
				PRODUCT_BUNDLE_IDENTIFIER = com.emwalks.PlaybackInSwiftUIUITests;
				PRODUCT_NAME = "$(TARGET_NAME)";
				SWIFT_EMIT_LOC_STRINGS = NO;
				SWIFT_VERSION = 5.0;
				TARGETED_DEVICE_FAMILY = "1,2";
				TEST_TARGET_NAME = PlaybackInSwiftUI;
			};
			name = Debug;
		};
		988FAF672AFE33B9007EEDA8 /* Release */ = {
			isa = XCBuildConfiguration;
			buildSettings = {
				ALWAYS_EMBED_SWIFT_STANDARD_LIBRARIES = YES;
				CODE_SIGN_STYLE = Automatic;
				CURRENT_PROJECT_VERSION = 1;
				DEVELOPMENT_TEAM = Q3USALQAVD;
				GENERATE_INFOPLIST_FILE = YES;
				MARKETING_VERSION = 1.0;
				PRODUCT_BUNDLE_IDENTIFIER = com.emwalks.PlaybackInSwiftUIUITests;
				PRODUCT_NAME = "$(TARGET_NAME)";
				SWIFT_EMIT_LOC_STRINGS = NO;
				SWIFT_VERSION = 5.0;
				TARGETED_DEVICE_FAMILY = "1,2";
				TEST_TARGET_NAME = PlaybackInSwiftUI;
			};
			name = Release;
		};
/* End XCBuildConfiguration section */

/* Begin XCConfigurationList section */
		988FAF362AFE33B7007EEDA8 /* Build configuration list for PBXProject "PlaybackInSwiftUI" */ = {
			isa = XCConfigurationList;
			buildConfigurations = (
				988FAF5D2AFE33B9007EEDA8 /* Debug */,
				988FAF5E2AFE33B9007EEDA8 /* Release */,
			);
			defaultConfigurationIsVisible = 0;
			defaultConfigurationName = Release;
		};
		988FAF5F2AFE33B9007EEDA8 /* Build configuration list for PBXNativeTarget "PlaybackInSwiftUI" */ = {
			isa = XCConfigurationList;
			buildConfigurations = (
				988FAF602AFE33B9007EEDA8 /* Debug */,
				988FAF612AFE33B9007EEDA8 /* Release */,
			);
			defaultConfigurationIsVisible = 0;
			defaultConfigurationName = Release;
		};
		988FAF622AFE33B9007EEDA8 /* Build configuration list for PBXNativeTarget "PlaybackInSwiftUITests" */ = {
			isa = XCConfigurationList;
			buildConfigurations = (
				988FAF632AFE33B9007EEDA8 /* Debug */,
				988FAF642AFE33B9007EEDA8 /* Release */,
			);
			defaultConfigurationIsVisible = 0;
			defaultConfigurationName = Release;
		};
		988FAF652AFE33B9007EEDA8 /* Build configuration list for PBXNativeTarget "PlaybackInSwiftUIUITests" */ = {
			isa = XCConfigurationList;
			buildConfigurations = (
				988FAF662AFE33B9007EEDA8 /* Debug */,
				988FAF672AFE33B9007EEDA8 /* Release */,
			);
			defaultConfigurationIsVisible = 0;
			defaultConfigurationName = Release;
		};
/* End XCConfigurationList section */
	};
	rootObject = 988FAF332AFE33B7007EEDA8 /* Project object */;
}
